
Microsoft Visual Studio Solution File, Format Version 12.00
# Visual Studio Version 16
VisualStudioVersion = 16.0.29009.5
MinimumVisualStudioVersion = 10.0.40219.1
Project("{9A19103F-16F7-4668-BE54-9A1E7A4F7556}") = "KanbanApp.Domain", "KanbanApp.Domain\KanbanApp.Domain.csproj", "{03EDEA40-1FA6-42C6-B96D-D8C24B748695}"
EndProject
Project("{9A19103F-16F7-4668-BE54-9A1E7A4F7556}") = "KanbanApp.Core", "KanbanApp.Core\KanbanApp.Core.csproj", "{0A25FDC2-E2D3-4EAC-8A70-F90EF4244780}"
EndProject
Project("{9A19103F-16F7-4668-BE54-9A1E7A4F7556}") = "KanbanApp.Data", "KanbanApp.Data\KanbanApp.Data.csproj", "{DA6254AB-C25F-43E4-AFB4-7C99CFBED310}"
EndProject
Project("{9A19103F-16F7-4668-BE54-9A1E7A4F7556}") = "KanbanApp.Services", "KanbanApp.Services\KanbanApp.Services.csproj", "{0588CB19-0E15-49ED-90B7-95B76BE51614}"
EndProject
Project("{9A19103F-16F7-4668-BE54-9A1E7A4F7556}") = "KanbanApp.Api", "KanbanApp.Api\KanbanApp.Api.csproj", "{C5C49A1A-2165-4C96-9BF4-9D387073B77D}"
EndProject
Project("{9A19103F-16F7-4668-BE54-9A1E7A4F7556}") = "KanbanApp.Infrastructure", "KanbanApp.Infrastructure\KanbanApp.Infrastructure.csproj", "{1B1F6A0C-ECA7-4A4D-9245-0485267D813D}"
EndProject
Project("{9A19103F-16F7-4668-BE54-9A1E7A4F7556}") = "KanbanApp.Web.UI", "KanbanApp.Web.UI\KanbanApp.Web.UI.csproj", "{451AC9B3-45B5-4A15-B680-9904A0D9A0CC}"
EndProject
Project("{9A19103F-16F7-4668-BE54-9A1E7A4F7556}") = "MongoDbHelper", "MongoDbHelper\MongoDbHelper.csproj", "{38D48C03-2E54-4112-AC30-07A830BB92DB}"
EndProject
Project("{9A19103F-16F7-4668-BE54-9A1E7A4F7556}") = "KanbanApp.Api.Test", "KanbanApp.Api.Test\KanbanApp.Api.Test.csproj", "{A1DF41A9-D6F8-4C72-9311-A4DB0687CDDC}"
EndProject
Project("{9A19103F-16F7-4668-BE54-9A1E7A4F7556}") = "KanbanApp.Domain.Shared", "KanbanApp.Domain.Shared\KanbanApp.Domain.Shared.csproj", "{1837B604-92C2-452E-9890-062381C604F5}"
EndProject
Project("{2150E333-8FDC-42A3-9474-1A3956D46DE8}") = "docs", "docs", "{4CEB7C1C-2C0F-4E48-B6B9-7A28EEE575B8}"
	ProjectSection(SolutionItems) = preProject
		Introduction.html = Introduction.html
		Introduction.md = Introduction.md
	EndProjectSection
EndProject
Global
	GlobalSection(SolutionConfigurationPlatforms) = preSolution
		Debug|Any CPU = Debug|Any CPU
		Release|Any CPU = Release|Any CPU
	EndGlobalSection
	GlobalSection(ProjectConfigurationPlatforms) = postSolution
		{03EDEA40-1FA6-42C6-B96D-D8C24B748695}.Debug|Any CPU.ActiveCfg = Debug|Any CPU
		{03EDEA40-1FA6-42C6-B96D-D8C24B748695}.Debug|Any CPU.Build.0 = Debug|Any CPU
		{03EDEA40-1FA6-42C6-B96D-D8C24B748695}.Release|Any CPU.ActiveCfg = Release|Any CPU
		{03EDEA40-1FA6-42C6-B96D-D8C24B748695}.Release|Any CPU.Build.0 = Release|Any CPU
		{0A25FDC2-E2D3-4EAC-8A70-F90EF4244780}.Debug|Any CPU.ActiveCfg = Debug|Any CPU
		{0A25FDC2-E2D3-4EAC-8A70-F90EF4244780}.Debug|Any CPU.Build.0 = Debug|Any CPU
		{0A25FDC2-E2D3-4EAC-8A70-F90EF4244780}.Release|Any CPU.ActiveCfg = Release|Any CPU
		{0A25FDC2-E2D3-4EAC-8A70-F90EF4244780}.Release|Any CPU.Build.0 = Release|Any CPU
		{DA6254AB-C25F-43E4-AFB4-7C99CFBED310}.Debug|Any CPU.ActiveCfg = Debug|Any CPU
		{DA6254AB-C25F-43E4-AFB4-7C99CFBED310}.Debug|Any CPU.Build.0 = Debug|Any CPU
		{DA6254AB-C25F-43E4-AFB4-7C99CFBED310}.Release|Any CPU.ActiveCfg = Release|Any CPU
		{DA6254AB-C25F-43E4-AFB4-7C99CFBED310}.Release|Any CPU.Build.0 = Release|Any CPU
		{0588CB19-0E15-49ED-90B7-95B76BE51614}.Debug|Any CPU.ActiveCfg = Debug|Any CPU
		{0588CB19-0E15-49ED-90B7-95B76BE51614}.Debug|Any CPU.Build.0 = Debug|Any CPU
		{0588CB19-0E15-49ED-90B7-95B76BE51614}.Release|Any CPU.ActiveCfg = Release|Any CPU
		{0588CB19-0E15-49ED-90B7-95B76BE51614}.Release|Any CPU.Build.0 = Release|Any CPU
		{C5C49A1A-2165-4C96-9BF4-9D387073B77D}.Debug|Any CPU.ActiveCfg = Debug|Any CPU
		{C5C49A1A-2165-4C96-9BF4-9D387073B77D}.Debug|Any CPU.Build.0 = Debug|Any CPU
		{C5C49A1A-2165-4C96-9BF4-9D387073B77D}.Release|Any CPU.ActiveCfg = Release|Any CPU
		{C5C49A1A-2165-4C96-9BF4-9D387073B77D}.Release|Any CPU.Build.0 = Release|Any CPU
		{1B1F6A0C-ECA7-4A4D-9245-0485267D813D}.Debug|Any CPU.ActiveCfg = Debug|Any CPU
		{1B1F6A0C-ECA7-4A4D-9245-0485267D813D}.Debug|Any CPU.Build.0 = Debug|Any CPU
		{1B1F6A0C-ECA7-4A4D-9245-0485267D813D}.Release|Any CPU.ActiveCfg = Release|Any CPU
		{1B1F6A0C-ECA7-4A4D-9245-0485267D813D}.Release|Any CPU.Build.0 = Release|Any CPU
		{451AC9B3-45B5-4A15-B680-9904A0D9A0CC}.Debug|Any CPU.ActiveCfg = Debug|Any CPU
		{451AC9B3-45B5-4A15-B680-9904A0D9A0CC}.Debug|Any CPU.Build.0 = Debug|Any CPU
		{451AC9B3-45B5-4A15-B680-9904A0D9A0CC}.Release|Any CPU.ActiveCfg = Release|Any CPU
		{451AC9B3-45B5-4A15-B680-9904A0D9A0CC}.Release|Any CPU.Build.0 = Release|Any CPU
		{38D48C03-2E54-4112-AC30-07A830BB92DB}.Debug|Any CPU.ActiveCfg = Debug|Any CPU
		{38D48C03-2E54-4112-AC30-07A830BB92DB}.Debug|Any CPU.Build.0 = Debug|Any CPU
		{38D48C03-2E54-4112-AC30-07A830BB92DB}.Release|Any CPU.ActiveCfg = Release|Any CPU
		{38D48C03-2E54-4112-AC30-07A830BB92DB}.Release|Any CPU.Build.0 = Release|Any CPU
		{A1DF41A9-D6F8-4C72-9311-A4DB0687CDDC}.Debug|Any CPU.ActiveCfg = Debug|Any CPU
		{A1DF41A9-D6F8-4C72-9311-A4DB0687CDDC}.Debug|Any CPU.Build.0 = Debug|Any CPU
		{A1DF41A9-D6F8-4C72-9311-A4DB0687CDDC}.Release|Any CPU.ActiveCfg = Release|Any CPU
		{A1DF41A9-D6F8-4C72-9311-A4DB0687CDDC}.Release|Any CPU.Build.0 = Release|Any CPU
		{1837B604-92C2-452E-9890-062381C604F5}.Debug|Any CPU.ActiveCfg = Debug|Any CPU
		{1837B604-92C2-452E-9890-062381C604F5}.Debug|Any CPU.Build.0 = Debug|Any CPU
		{1837B604-92C2-452E-9890-062381C604F5}.Release|Any CPU.ActiveCfg = Release|Any CPU
		{1837B604-92C2-452E-9890-062381C604F5}.Release|Any CPU.Build.0 = Release|Any CPU
	EndGlobalSection
	GlobalSection(SolutionProperties) = preSolution
		HideSolutionNode = FALSE
	EndGlobalSection
	GlobalSection(ExtensibilityGlobals) = postSolution
		SolutionGuid = {FF50A2C7-7920-4031-AE6D-488B5A915F78}
	EndGlobalSection
EndGlobal
